{
  "name": "test",
  "lockfileVersion": 2,
  "requires": true,
  "packages": {
    "": {
      "dependencies": {
        "animate.css": "^4.1.1",
        "nanoid": "^4.0.0",
        "pubsub-js": "^1.6.0"
      }
    },
    "node_modules/animate.css": {
      "version": "4.1.1",
      "resolved": "https://registry.npmmirror.com/animate.css/-/animate.css-4.1.1.tgz",
      "integrity": "sha512-+mRmCTv6SbCmtYJCN4faJMNFVNN5EuCTTprDTAo7YzIGji2KADmakjVA3+8mVDkZ2Bf09vayB35lSQIex2+QaQ=="
    },
    "node_modules/nanoid": {
      "version": "4.0.0",
      "resolved": "https://registry.npmmirror.com/nanoid/-/nanoid-4.0.0.tgz",
      "integrity": "sha512-IgBP8piMxe/gf73RTQx7hmnhwz0aaEXYakvqZyE302IXW3HyVNhdNGC+O2MwMAVhLEnvXlvKtGbtJf6wvHihCg==",
      "bin": {
        "nanoid": "bin/nanoid.js"
      },
      "engines": {
        "node": "^14 || ^16 || >=18"
      }
    },
    "node_modules/pubsub-js": {
      "version": "1.6.0",
      "resolved": "https://registry.npmmirror.com/pubsub-js/-/pubsub-js-1.6.0.tgz",
      "integrity": "sha512-xyjrLftjpf2zAImGXbtY1cWboVLOYyeB8ldhSE3A8hbk3vk5RD2FIPznlNygtL8+33FxmWGA5L7rt6enqfxOKA=="
    }
  },
  "dependencies": {
    "animate.css": {
      "version": "4.1.1",
      "resolved": "https://registry.npmmirror.com/animate.css/-/animate.css-4.1.1.tgz",
      "integrity": "sha512-+mRmCTv6SbCmtYJCN4faJMNFVNN5EuCTTprDTAo7YzIGji2KADmakjVA3+8mVDkZ2Bf09vayB35lSQIex2+QaQ=="
    },
    "nanoid": {
      "version": "4.0.0",
      "resolved": "https://registry.npmmirror.com/nanoid/-/nanoid-4.0.0.tgz",
      "integrity": "sha512-IgBP8piMxe/gf73RTQx7hmnhwz0aaEXYakvqZyE302IXW3HyVNhdNGC+O2MwMAVhLEnvXlvKtGbtJf6wvHihCg=="
    },
    "pubsub-js": {
      "version": "1.6.0",
      "resolved": "https://registry.npmmirror.com/pubsub-js/-/pubsub-js-1.6.0.tgz",
      "integrity": "sha512-xyjrLftjpf2zAImGXbtY1cWboVLOYyeB8ldhSE3A8hbk3vk5RD2FIPznlNygtL8+33FxmWGA5L7rt6enqfxOKA=="
    }
  }
}
